
Microsoft Visual Studio Solution File, Format Version 12.00
# Visual Studio 15
VisualStudioVersion = 15.0.28307.1259
MinimumVisualStudioVersion = 10.0.40219.1
Project("{FAE04EC0-301F-11D3-BF4B-00C04F79EFBC}") = "CoreApplication2", "CoreApplication2\CoreApplication2.csproj", "{D8FBC98E-08C6-4D27-8E54-741CE1734B1F}"
EndProject
Global
	GlobalSection(SolutionConfigurationPlatforms) = preSolution
		Debug|Any CPU = Debug|Any CPU
		Release|Any CPU = Release|Any CPU
	EndGlobalSection
	GlobalSection(ProjectConfigurationPlatforms) = postSolution
		{D8FBC98E-08C6-4D27-8E54-741CE1734B1F}.Debug|Any CPU.ActiveCfg = Debug|Any CPU
		{D8FBC98E-08C6-4D27-8E54-741CE1734B1F}.Debug|Any CPU.Build.0 = Debug|Any CPU
		{D8FBC98E-08C6-4D27-8E54-741CE1734B1F}.Release|Any CPU.ActiveCfg = Release|Any CPU
		{D8FBC98E-08C6-4D27-8E54-741CE1734B1F}.Release|Any CPU.Build.0 = Release|Any CPU
	EndGlobalSection
	GlobalSection(SolutionProperties) = preSolution
		HideSolutionNode = FALSE
	EndGlobalSection
	GlobalSection(ExtensibilityGlobals) = postSolution
		SolutionGuid = {0066F79D-E09B-437B-9945-702AB0E2464C}
	EndGlobalSection
EndGlobal
